# Canonical qualification inputs. UTF-8, LF, one field per line.
format=certifaiger-qualification-v1
base_image=ubuntu@sha256:4fbb8e6a8395de5a7550b33509421a2bafbc0aab6c06ba2cef9ebffbc7092d90
base_architecture=arm64
qualification_image=gcc-certifaiger-qualification:v1-arm64
certifaiger_url=https://github.com/Froleyks/certifaiger.git
certifaiger_commit=3b8d9e9937234b5e064923bd00f20d3eb97ccc3f
aiger_url=https://github.com/arminbiere/aiger.git
aiger_commit=1876b273dc603d000d11da8ebbc099353ac42c6f
cadical_url=https://github.com/arminbiere/cadical.git
cadical_commit=c60730422e758ef1cebe7aeddf2dda31c996bf04
lrat_isa_url=https://github.com/lammich/lrat_isa.git
lrat_isa_commit=99b832b501f473f7890f20b99755b5ace86eae48
runlim_url=https://github.com/arminbiere/runlim.git
runlim_commit=188f1e07fa233b787589900e0184092b49167706
ric3_url=https://github.com/gipsyh/rIC3.git
ric3_commit=7149d568785b039134f0b2baa58358c8af63e70d
ric3_cargo_lock_sha256=84e6c6c8ffbb28cf56ecccd65f38cee65b06293ea207226e56ff6e256610f96a
ric3_vendor_sha256=0c2dba8a951d7b58f3d97fc959063859a6e8f353b4a2d8b26e795a19c2c3b3c3
ric3_rust_image=rust@sha256:8fa55b2f3ddf97471ab6a767bfa3f37e6bad0986ba823e75fea57e2a2a5c3073
ric3_aig_rs_commit=aa7ac1b4f0b8ebf55e5a0981b15eb317c24561f6
ric3_aiger_commit=322d70b799ffc5e4570093183198abb27cae042a
ric3_bitwuzla_rs_commit=3743b786048a2f1fb06306b54e890f4f3bdb3b88
ric3_bitwuzla_commit=95e71f3b9322f4892bb54510e72765d32b10b9b1
ric3_btor_rs_commit=4eaa050a4a207f73a7dabf9fce214dced553154d
ric3_cadical_rs_commit=9cdc994b0c90ecdb797b0bc9a26f3ca7f3551742
ric3_cadical_commit=f13d74439a5b5c963ac5b02d05ce93a8098018b8
ric3_giputils_commit=16a16e7254fe91537c6ef2cd98509d6dec345d54
ric3_kissat_rs_commit=0ce9de57fb8ff1028a1d84d559d0bf2f59b58d86
ric3_kissat_commit=8af8e56f174b778aef3aa45af9f739b2a5f492c2
ric3_logicrs_commit=236e94c236aa5c4887fa9f6eb5be5936b27012f4
ric3_fvbench_commit=c77b0287698324bf036abb3cbcb1a5ce76143d1e
